
Microsoft Visual Studio Solution File, Format Version 12.00
# Visual Studio Version 17
VisualStudioVersion = 17.9.34723.18
MinimumVisualStudioVersion = 10.0.40219.1
Project("{FAE04EC0-301F-11D3-BF4B-00C04F79EFBC}") = "EmployeeDataOfBuisness_API", "EmployeeDataOfBuisnesses_API\EmployeeDataOfBuisness_API.csproj", "{794F3975-3B4D-4F85-9E97-07FD31131927}"
EndProject
Project("{FAE04EC0-301F-11D3-BF4B-00C04F79EFBC}") = "Employees.Buisness", "Employees.Buisnesses\Employees.Buisness.csproj", "{9B78350F-D1A7-432B-B8C3-D688C2320C6A}"
EndProject
Project("{FAE04EC0-301F-11D3-BF4B-00C04F79EFBC}") = "EmployeeModel", "EmployeeModel\EmployeeModel.csproj", "{5D92045C-F535-457D-A0AB-010E0D04CD82}"
EndProject
Global
	GlobalSection(SolutionConfigurationPlatforms) = preSolution
		Debug|Any CPU = Debug|Any CPU
		Release|Any CPU = Release|Any CPU
	EndGlobalSection
	GlobalSection(ProjectConfigurationPlatforms) = postSolution
		{794F3975-3B4D-4F85-9E97-07FD31131927}.Debug|Any CPU.ActiveCfg = Debug|Any CPU
		{794F3975-3B4D-4F85-9E97-07FD31131927}.Debug|Any CPU.Build.0 = Debug|Any CPU
		{794F3975-3B4D-4F85-9E97-07FD31131927}.Release|Any CPU.ActiveCfg = Release|Any CPU
		{794F3975-3B4D-4F85-9E97-07FD31131927}.Release|Any CPU.Build.0 = Release|Any CPU
		{9B78350F-D1A7-432B-B8C3-D688C2320C6A}.Debug|Any CPU.ActiveCfg = Debug|Any CPU
		{9B78350F-D1A7-432B-B8C3-D688C2320C6A}.Debug|Any CPU.Build.0 = Debug|Any CPU
		{9B78350F-D1A7-432B-B8C3-D688C2320C6A}.Release|Any CPU.ActiveCfg = Release|Any CPU
		{9B78350F-D1A7-432B-B8C3-D688C2320C6A}.Release|Any CPU.Build.0 = Release|Any CPU
		{5D92045C-F535-457D-A0AB-010E0D04CD82}.Debug|Any CPU.ActiveCfg = Debug|Any CPU
		{5D92045C-F535-457D-A0AB-010E0D04CD82}.Debug|Any CPU.Build.0 = Debug|Any CPU
		{5D92045C-F535-457D-A0AB-010E0D04CD82}.Release|Any CPU.ActiveCfg = Release|Any CPU
		{5D92045C-F535-457D-A0AB-010E0D04CD82}.Release|Any CPU.Build.0 = Release|Any CPU
	EndGlobalSection
	GlobalSection(SolutionProperties) = preSolution
		HideSolutionNode = FALSE
	EndGlobalSection
	GlobalSection(ExtensibilityGlobals) = postSolution
		SolutionGuid = {5C6835A2-3351-499F-9075-54E4338B7482}
	EndGlobalSection
EndGlobal
